{
  "name": "crud-freecc",
  "version": "1.0.0",
  "lockfileVersion": 3,
  "requires": true,
  "packages": {
    "": {
      "name": "crud-freecc",
      "version": "1.0.0",
      "dependencies": {
        "crud-freecc": "file:"
      }
    },
    "node_modules/crud-freecc": {
      "resolved": "",
      "link": true
    }
  }
}
